<?xml version="1.0" encoding="UTF-8"?>
<!DOCTYPE plist PUBLIC "-//Apple//DTD PLIST 1.0//EN" "http://www.apple.com/DTDs/PropertyList-1.0.dtd">
<plist version="1.0">
<dict>
	<key>archiveVersion</key>
	<string>1</string>
	<key>classes</key>
	<dict/>
	<key>objectVersion</key>
	<string>46</string>
	<key>objects</key>
	<dict>
		<key>031BE6351924441EA923A4A9</key>
		<dict>
			<key>buildActionMask</key>
			<string>2147483647</string>
			<key>files</key>
			<array/>
			<key>inputPaths</key>
			<array/>
			<key>isa</key>
			<string>PBXShellScriptBuildPhase</string>
			<key>name</key>
			<string>Copy Pods Resources</string>
			<key>outputPaths</key>
			<array/>
			<key>runOnlyForDeploymentPostprocessing</key>
			<string>0</string>
			<key>shellPath</key>
			<string>/bin/sh</string>
			<key>shellScript</key>
			<string>"${SRCROOT}/Pods/Pods-resources.sh"
</string>
			<key>showEnvVarsInLog</key>
			<string>0</string>
		</dict>
		<key>39E2F443760F47A7A8EE2F4B</key>
		<dict>
			<key>fileRef</key>
			<string>5788E18D415148299323B509</string>
			<key>isa</key>
			<string>PBXBuildFile</string>
		</dict>
		<key>5788E18D415148299323B509</key>
		<dict>
			<key>explicitFileType</key>
			<string>archive.ar</string>
			<key>includeInIndex</key>
			<string>0</string>
			<key>isa</key>
			<string>PBXFileReference</string>
			<key>path</key>
			<string>libPods.a</string>
			<key>sourceTree</key>
			<string>BUILT_PRODUCTS_DIR</string>
		</dict>
		<key>6A6EC16F4EEF468FBC03B73E</key>
		<dict>
			<key>buildActionMask</key>
			<string>2147483647</string>
			<key>files</key>
			<array/>
			<key>inputPaths</key>
			<array/>
			<key>isa</key>
			<string>PBXShellScriptBuildPhase</string>
			<key>name</key>
			<string>Check Pods Manifest.lock</string>
			<key>outputPaths</key>
			<array/>
			<key>runOnlyForDeploymentPostprocessing</key>
			<string>0</string>
			<key>shellPath</key>
			<string>/bin/sh</string>
			<key>shellScript</key>
			<string>diff "${PODS_ROOT}/../Podfile.lock" "${PODS_ROOT}/Manifest.lock" &gt; /dev/null
if [[ $? != 0 ]] ; then
    cat &lt;&lt; EOM
error: The sandbox is not in sync with the Podfile.lock. Run 'pod install' or update your CocoaPods installation.
EOM
    exit 1
fi
</string>
			<key>showEnvVarsInLog</key>
			<string>0</string>
		</dict>
		<key>BB4E9FE118D653F9007E6EFF</key>
		<dict>
			<key>fileEncoding</key>
			<string>4</string>
			<key>isa</key>
			<string>PBXFileReference</string>
			<key>lastKnownFileType</key>
			<string>file.xib</string>
			<key>path</key>
			<string>MovieCell.xib</string>
			<key>sourceTree</key>
			<string>&lt;group&gt;</string>
		</dict>
		<key>BB4E9FE318D653F9007E6EFF</key>
		<dict>
			<key>fileRef</key>
			<string>BB4E9FE118D653F9007E6EFF</string>
			<key>isa</key>
			<string>PBXBuildFile</string>
		</dict>
		<key>BB4E9FE418D655D0007E6EFF</key>
		<dict>
			<key>fileEncoding</key>
			<string>4</string>
			<key>isa</key>
			<string>PBXFileReference</string>
			<key>lastKnownFileType</key>
			<string>sourcecode.c.h</string>
			<key>path</key>
			<string>MovieCell.h</string>
			<key>sourceTree</key>
			<string>&lt;group&gt;</string>
		</dict>
		<key>BB4E9FE518D655D0007E6EFF</key>
		<dict>
			<key>fileEncoding</key>
			<string>4</string>
			<key>isa</key>
			<string>PBXFileReference</string>
			<key>lastKnownFileType</key>
			<string>sourcecode.c.objc</string>
			<key>path</key>
			<string>MovieCell.m</string>
			<key>sourceTree</key>
			<string>&lt;group&gt;</string>
		</dict>
		<key>BB4E9FE618D655D0007E6EFF</key>
		<dict>
			<key>fileRef</key>
			<string>BB4E9FE518D655D0007E6EFF</string>
			<key>isa</key>
			<string>PBXBuildFile</string>
		</dict>
		<key>BB4E9FE718D65840007E6EFF</key>
		<dict>
			<key>fileEncoding</key>
			<string>4</string>
			<key>isa</key>
			<string>PBXFileReference</string>
			<key>lastKnownFileType</key>
			<string>sourcecode.c.h</string>
			<key>path</key>
			<string>Movie.h</string>
			<key>sourceTree</key>
			<string>&lt;group&gt;</string>
		</dict>
		<key>BB4E9FE818D65840007E6EFF</key>
		<dict>
			<key>fileEncoding</key>
			<string>4</string>
			<key>isa</key>
			<string>PBXFileReference</string>
			<key>lastKnownFileType</key>
			<string>sourcecode.c.objc</string>
			<key>path</key>
			<string>Movie.m</string>
			<key>sourceTree</key>
			<string>&lt;group&gt;</string>
		</dict>
		<key>BB4E9FE918D65840007E6EFF</key>
		<dict>
			<key>fileRef</key>
			<string>BB4E9FE818D65840007E6EFF</string>
			<key>isa</key>
			<string>PBXBuildFile</string>
		</dict>
		<key>BB4E9FEA18D66374007E6EFF</key>
		<dict>
			<key>fileEncoding</key>
			<string>4</string>
			<key>isa</key>
			<string>PBXFileReference</string>
			<key>lastKnownFileType</key>
			<string>sourcecode.c.h</string>
			<key>path</key>
			<string>MovieDetailsViewController.h</string>
			<key>sourceTree</key>
			<string>&lt;group&gt;</string>
		</dict>
		<key>BB4E9FEB18D66374007E6EFF</key>
		<dict>
			<key>fileEncoding</key>
			<string>4</string>
			<key>isa</key>
			<string>PBXFileReference</string>
			<key>lastKnownFileType</key>
			<string>sourcecode.c.objc</string>
			<key>path</key>
			<string>MovieDetailsViewController.m</string>
			<key>sourceTree</key>
			<string>&lt;group&gt;</string>
		</dict>
		<key>BB4E9FEC18D66374007E6EFF</key>
		<dict>
			<key>fileEncoding</key>
			<string>4</string>
			<key>isa</key>
			<string>PBXFileReference</string>
			<key>lastKnownFileType</key>
			<string>file.xib</string>
			<key>path</key>
			<string>MovieDetailsViewController.xib</string>
			<key>sourceTree</key>
			<string>&lt;group&gt;</string>
		</dict>
		<key>BB4E9FED18D66374007E6EFF</key>
		<dict>
			<key>fileRef</key>
			<string>BB4E9FEB18D66374007E6EFF</string>
			<key>isa</key>
			<string>PBXBuildFile</string>
		</dict>
		<key>BB4E9FEE18D66374007E6EFF</key>
		<dict>
			<key>fileRef</key>
			<string>BB4E9FEC18D66374007E6EFF</string>
			<key>isa</key>
			<string>PBXBuildFile</string>
		</dict>
		<key>BB928EC718D647A4004F5BB0</key>
		<dict>
			<key>children</key>
			<array>
				<string>BB928ED918D647A4004F5BB0</string>
				<string>BB928EF218D647A4004F5BB0</string>
				<string>BB928ED218D647A4004F5BB0</string>
				<string>BB928ED118D647A4004F5BB0</string>
				<string>C5AA127D96154CFB89EF8E94</string>
			</array>
			<key>isa</key>
			<string>PBXGroup</string>
			<key>sourceTree</key>
			<string>&lt;group&gt;</string>
		</dict>
		<key>BB928EC818D647A4004F5BB0</key>
		<dict>
			<key>attributes</key>
			<dict>
				<key>LastUpgradeCheck</key>
				<string>0510</string>
				<key>ORGANIZATIONNAME</key>
				<string>Anthony Sherbondy</string>
				<key>TargetAttributes</key>
				<dict>
					<key>BB928ECF18D647A4004F5BB0</key>
					<dict>
						<key>DevelopmentTeam</key>
						<string>M4QM6M4THP</string>
					</dict>
					<key>BB928EEA18D647A4004F5BB0</key>
					<dict>
						<key>TestTargetID</key>
						<string>BB928ECF18D647A4004F5BB0</string>
					</dict>
				</dict>
			</dict>
			<key>buildConfigurationList</key>
			<string>BB928ECB18D647A4004F5BB0</string>
			<key>compatibilityVersion</key>
			<string>Xcode 3.2</string>
			<key>developmentRegion</key>
			<string>English</string>
			<key>hasScannedForEncodings</key>
			<string>0</string>
			<key>isa</key>
			<string>PBXProject</string>
			<key>knownRegions</key>
			<array>
				<string>en</string>
			</array>
			<key>mainGroup</key>
			<string>BB928EC718D647A4004F5BB0</string>
			<key>productRefGroup</key>
			<string>BB928ED118D647A4004F5BB0</string>
			<key>projectDirPath</key>
			<string></string>
			<key>projectReferences</key>
			<array/>
			<key>projectRoot</key>
			<string></string>
			<key>targets</key>
			<array>
				<string>BB928ECF18D647A4004F5BB0</string>
				<string>BB928EEA18D647A4004F5BB0</string>
			</array>
		</dict>
		<key>BB928ECB18D647A4004F5BB0</key>
		<dict>
			<key>buildConfigurations</key>
			<array>
				<string>BB928EFA18D647A4004F5BB0</string>
				<string>BB928EFB18D647A4004F5BB0</string>
			</array>
			<key>defaultConfigurationIsVisible</key>
			<string>0</string>
			<key>defaultConfigurationName</key>
			<string>Release</string>
			<key>isa</key>
			<string>XCConfigurationList</string>
		</dict>
		<key>BB928ECC18D647A4004F5BB0</key>
		<dict>
			<key>buildActionMask</key>
			<string>2147483647</string>
			<key>files</key>
			<array>
				<string>BB928F0518D648FA004F5BB0</string>
				<string>BB4E9FE618D655D0007E6EFF</string>
				<string>BB4E9FE918D65840007E6EFF</string>
				<string>BB928EE418D647A4004F5BB0</string>
				<string>BB4E9FED18D66374007E6EFF</string>
				<string>BB928EE018D647A4004F5BB0</string>
			</array>
			<key>isa</key>
			<string>PBXSourcesBuildPhase</string>
			<key>runOnlyForDeploymentPostprocessing</key>
			<string>0</string>
		</dict>
		<key>BB928ECD18D647A4004F5BB0</key>
		<dict>
			<key>buildActionMask</key>
			<string>2147483647</string>
			<key>files</key>
			<array>
				<string>BB928ED618D647A4004F5BB0</string>
				<string>BB928ED818D647A4004F5BB0</string>
				<string>BB928ED418D647A4004F5BB0</string>
				<string>39E2F443760F47A7A8EE2F4B</string>
			</array>
			<key>isa</key>
			<string>PBXFrameworksBuildPhase</string>
			<key>runOnlyForDeploymentPostprocessing</key>
			<string>0</string>
		</dict>
		<key>BB928ECE18D647A4004F5BB0</key>
		<dict>
			<key>buildActionMask</key>
			<string>2147483647</string>
			<key>files</key>
			<array>
				<string>BB928EDE18D647A4004F5BB0</string>
				<string>BB4E9FE318D653F9007E6EFF</string>
				<string>BB928F0618D648FA004F5BB0</string>
				<string>BB928EE618D647A4004F5BB0</string>
				<string>BB4E9FEE18D66374007E6EFF</string>
			</array>
			<key>isa</key>
			<string>PBXResourcesBuildPhase</string>
			<key>runOnlyForDeploymentPostprocessing</key>
			<string>0</string>
		</dict>
		<key>BB928ECF18D647A4004F5BB0</key>
		<dict>
			<key>buildConfigurationList</key>
			<string>BB928EFC18D647A4004F5BB0</string>
			<key>buildPhases</key>
			<array>
				<string>6A6EC16F4EEF468FBC03B73E</string>
				<string>BB928ECC18D647A4004F5BB0</string>
				<string>BB928ECD18D647A4004F5BB0</string>
				<string>BB928ECE18D647A4004F5BB0</string>
				<string>031BE6351924441EA923A4A9</string>
			</array>
			<key>buildRules</key>
			<array/>
			<key>dependencies</key>
			<array/>
			<key>isa</key>
			<string>PBXNativeTarget</string>
			<key>name</key>
			<string>RottenMoviesApp</string>
			<key>productName</key>
			<string>RottenMoviesApp</string>
			<key>productReference</key>
			<string>BB928ED018D647A4004F5BB0</string>
			<key>productType</key>
			<string>com.apple.product-type.application</string>
		</dict>
		<key>BB928ED018D647A4004F5BB0</key>
		<dict>
			<key>explicitFileType</key>
			<string>wrapper.application</string>
			<key>includeInIndex</key>
			<string>0</string>
			<key>isa</key>
			<string>PBXFileReference</string>
			<key>path</key>
			<string>RottenMoviesApp.app</string>
			<key>sourceTree</key>
			<string>BUILT_PRODUCTS_DIR</string>
		</dict>
		<key>BB928ED118D647A4004F5BB0</key>
		<dict>
			<key>children</key>
			<array>
				<string>BB928ED018D647A4004F5BB0</string>
				<string>BB928EEB18D647A4004F5BB0</string>
			</array>
			<key>isa</key>
			<string>PBXGroup</string>
			<key>name</key>
			<string>Products</string>
			<key>sourceTree</key>
			<string>&lt;group&gt;</string>
		</dict>
		<key>BB928ED218D647A4004F5BB0</key>
		<dict>
			<key>children</key>
			<array>
				<string>BB928ED318D647A4004F5BB0</string>
				<string>BB928ED518D647A4004F5BB0</string>
				<string>BB928ED718D647A4004F5BB0</string>
				<string>BB928EEC18D647A4004F5BB0</string>
				<string>5788E18D415148299323B509</string>
			</array>
			<key>isa</key>
			<string>PBXGroup</string>
			<key>name</key>
			<string>Frameworks</string>
			<key>sourceTree</key>
			<string>&lt;group&gt;</string>
		</dict>
		<key>BB928ED318D647A4004F5BB0</key>
		<dict>
			<key>isa</key>
			<string>PBXFileReference</string>
			<key>lastKnownFileType</key>
			<string>wrapper.framework</string>
			<key>name</key>
			<string>Foundation.framework</string>
			<key>path</key>
			<string>System/Library/Frameworks/Foundation.framework</string>
			<key>sourceTree</key>
			<string>SDKROOT</string>
		</dict>
		<key>BB928ED418D647A4004F5BB0</key>
		<dict>
			<key>fileRef</key>
			<string>BB928ED318D647A4004F5BB0</string>
			<key>isa</key>
			<string>PBXBuildFile</string>
		</dict>
		<key>BB928ED518D647A4004F5BB0</key>
		<dict>
			<key>isa</key>
			<string>PBXFileReference</string>
			<key>lastKnownFileType</key>
			<string>wrapper.framework</string>
			<key>name</key>
			<string>CoreGraphics.framework</string>
			<key>path</key>
			<string>System/Library/Frameworks/CoreGraphics.framework</string>
			<key>sourceTree</key>
			<string>SDKROOT</string>
		</dict>
		<key>BB928ED618D647A4004F5BB0</key>
		<dict>
			<key>fileRef</key>
			<string>BB928ED518D647A4004F5BB0</string>
			<key>isa</key>
			<string>PBXBuildFile</string>
		</dict>
		<key>BB928ED718D647A4004F5BB0</key>
		<dict>
			<key>isa</key>
			<string>PBXFileReference</string>
			<key>lastKnownFileType</key>
			<string>wrapper.framework</string>
			<key>name</key>
			<string>UIKit.framework</string>
			<key>path</key>
			<string>System/Library/Frameworks/UIKit.framework</string>
			<key>sourceTree</key>
			<string>SDKROOT</string>
		</dict>
		<key>BB928ED818D647A4004F5BB0</key>
		<dict>
			<key>fileRef</key>
			<string>BB928ED718D647A4004F5BB0</string>
			<key>isa</key>
			<string>PBXBuildFile</string>
		</dict>
		<key>BB928ED918D647A4004F5BB0</key>
		<dict>
			<key>children</key>
			<array>
				<string>BB928F0918D6514A004F5BB0</string>
				<string>BB928F0818D65143004F5BB0</string>
				<string>BB928F0718D64900004F5BB0</string>
				<string>BB928EE218D647A4004F5BB0</string>
				<string>BB928EE318D647A4004F5BB0</string>
				<string>BB928EE518D647A4004F5BB0</string>
				<string>BB928EDA18D647A4004F5BB0</string>
			</array>
			<key>isa</key>
			<string>PBXGroup</string>
			<key>path</key>
			<string>RottenMoviesApp</string>
			<key>sourceTree</key>
			<string>&lt;group&gt;</string>
		</dict>
		<key>BB928EDA18D647A4004F5BB0</key>
		<dict>
			<key>children</key>
			<array>
				<string>BB928EDB18D647A4004F5BB0</string>
				<string>BB928EDC18D647A4004F5BB0</string>
				<string>BB928EDF18D647A4004F5BB0</string>
				<string>BB928EE118D647A4004F5BB0</string>
			</array>
			<key>isa</key>
			<string>PBXGroup</string>
			<key>name</key>
			<string>Supporting Files</string>
			<key>sourceTree</key>
			<string>&lt;group&gt;</string>
		</dict>
		<key>BB928EDB18D647A4004F5BB0</key>
		<dict>
			<key>isa</key>
			<string>PBXFileReference</string>
			<key>lastKnownFileType</key>
			<string>text.plist.xml</string>
			<key>path</key>
			<string>RottenMoviesApp-Info.plist</string>
			<key>sourceTree</key>
			<string>&lt;group&gt;</string>
		</dict>
		<key>BB928EDC18D647A4004F5BB0</key>
		<dict>
			<key>children</key>
			<array>
				<string>BB928EDD18D647A4004F5BB0</string>
			</array>
			<key>isa</key>
			<string>PBXVariantGroup</string>
			<key>name</key>
			<string>InfoPlist.strings</string>
			<key>sourceTree</key>
			<string>&lt;group&gt;</string>
		</dict>
		<key>BB928EDD18D647A4004F5BB0</key>
		<dict>
			<key>isa</key>
			<string>PBXFileReference</string>
			<key>lastKnownFileType</key>
			<string>text.plist.strings</string>
			<key>name</key>
			<string>en</string>
			<key>path</key>
			<string>en.lproj/InfoPlist.strings</string>
			<key>sourceTree</key>
			<string>&lt;group&gt;</string>
		</dict>
		<key>BB928EDE18D647A4004F5BB0</key>
		<dict>
			<key>fileRef</key>
			<string>BB928EDC18D647A4004F5BB0</string>
			<key>isa</key>
			<string>PBXBuildFile</string>
		</dict>
		<key>BB928EDF18D647A4004F5BB0</key>
		<dict>
			<key>isa</key>
			<string>PBXFileReference</string>
			<key>lastKnownFileType</key>
			<string>sourcecode.c.objc</string>
			<key>path</key>
			<string>main.m</string>
			<key>sourceTree</key>
			<string>&lt;group&gt;</string>
		</dict>
		<key>BB928EE018D647A4004F5BB0</key>
		<dict>
			<key>fileRef</key>
			<string>BB928EDF18D647A4004F5BB0</string>
			<key>isa</key>
			<string>PBXBuildFile</string>
		</dict>
		<key>BB928EE118D647A4004F5BB0</key>
		<dict>
			<key>isa</key>
			<string>PBXFileReference</string>
			<key>lastKnownFileType</key>
			<string>sourcecode.c.h</string>
			<key>path</key>
			<string>RottenMoviesApp-Prefix.pch</string>
			<key>sourceTree</key>
			<string>&lt;group&gt;</string>
		</dict>
		<key>BB928EE218D647A4004F5BB0</key>
		<dict>
			<key>isa</key>
			<string>PBXFileReference</string>
			<key>lastKnownFileType</key>
			<string>sourcecode.c.h</string>
			<key>path</key>
			<string>AppDelegate.h</string>
			<key>sourceTree</key>
			<string>&lt;group&gt;</string>
		</dict>
		<key>BB928EE318D647A4004F5BB0</key>
		<dict>
			<key>isa</key>
			<string>PBXFileReference</string>
			<key>lastKnownFileType</key>
			<string>sourcecode.c.objc</string>
			<key>path</key>
			<string>AppDelegate.m</string>
			<key>sourceTree</key>
			<string>&lt;group&gt;</string>
		</dict>
		<key>BB928EE418D647A4004F5BB0</key>
		<dict>
			<key>fileRef</key>
			<string>BB928EE318D647A4004F5BB0</string>
			<key>isa</key>
			<string>PBXBuildFile</string>
		</dict>
		<key>BB928EE518D647A4004F5BB0</key>
		<dict>
			<key>isa</key>
			<string>PBXFileReference</string>
			<key>lastKnownFileType</key>
			<string>folder.assetcatalog</string>
			<key>path</key>
			<string>Images.xcassets</string>
			<key>sourceTree</key>
			<string>&lt;group&gt;</string>
		</dict>
		<key>BB928EE618D647A4004F5BB0</key>
		<dict>
			<key>fileRef</key>
			<string>BB928EE518D647A4004F5BB0</string>
			<key>isa</key>
			<string>PBXBuildFile</string>
		</dict>
		<key>BB928EE718D647A4004F5BB0</key>
		<dict>
			<key>buildActionMask</key>
			<string>2147483647</string>
			<key>files</key>
			<array>
				<string>BB928EF918D647A4004F5BB0</string>
			</array>
			<key>isa</key>
			<string>PBXSourcesBuildPhase</string>
			<key>runOnlyForDeploymentPostprocessing</key>
			<string>0</string>
		</dict>
		<key>BB928EE818D647A4004F5BB0</key>
		<dict>
			<key>buildActionMask</key>
			<string>2147483647</string>
			<key>files</key>
			<array>
				<string>BB928EED18D647A4004F5BB0</string>
				<string>BB928EEF18D647A4004F5BB0</string>
				<string>BB928EEE18D647A4004F5BB0</string>
			</array>
			<key>isa</key>
			<string>PBXFrameworksBuildPhase</string>
			<key>runOnlyForDeploymentPostprocessing</key>
			<string>0</string>
		</dict>
		<key>BB928EE918D647A4004F5BB0</key>
		<dict>
			<key>buildActionMask</key>
			<string>2147483647</string>
			<key>files</key>
			<array>
				<string>BB928EF718D647A4004F5BB0</string>
			</array>
			<key>isa</key>
			<string>PBXResourcesBuildPhase</string>
			<key>runOnlyForDeploymentPostprocessing</key>
			<string>0</string>
		</dict>
		<key>BB928EEA18D647A4004F5BB0</key>
		<dict>
			<key>buildConfigurationList</key>
			<string>BB928EFF18D647A4004F5BB0</string>
			<key>buildPhases</key>
			<array>
				<string>BB928EE718D647A4004F5BB0</string>
				<string>BB928EE818D647A4004F5BB0</string>
				<string>BB928EE918D647A4004F5BB0</string>
			</array>
			<key>buildRules</key>
			<array/>
			<key>dependencies</key>
			<array>
				<string>BB928EF118D647A4004F5BB0</string>
			</array>
			<key>isa</key>
			<string>PBXNativeTarget</string>
			<key>name</key>
			<string>RottenMoviesAppTests</string>
			<key>productName</key>
			<string>RottenMoviesAppTests</string>
			<key>productReference</key>
			<string>BB928EEB18D647A4004F5BB0</string>
			<key>productType</key>
			<string>com.apple.product-type.bundle.unit-test</string>
		</dict>
		<key>BB928EEB18D647A4004F5BB0</key>
		<dict>
			<key>explicitFileType</key>
			<string>wrapper.cfbundle</string>
			<key>includeInIndex</key>
			<string>0</string>
			<key>isa</key>
			<string>PBXFileReference</string>
			<key>path</key>
			<string>RottenMoviesAppTests.xctest</string>
			<key>sourceTree</key>
			<string>BUILT_PRODUCTS_DIR</string>
		</dict>
		<key>BB928EEC18D647A4004F5BB0</key>
		<dict>
			<key>isa</key>
			<string>PBXFileReference</string>
			<key>lastKnownFileType</key>
			<string>wrapper.framework</string>
			<key>name</key>
			<string>XCTest.framework</string>
			<key>path</key>
			<string>Library/Frameworks/XCTest.framework</string>
			<key>sourceTree</key>
			<string>DEVELOPER_DIR</string>
		</dict>
		<key>BB928EED18D647A4004F5BB0</key>
		<dict>
			<key>fileRef</key>
			<string>BB928EEC18D647A4004F5BB0</string>
			<key>isa</key>
			<string>PBXBuildFile</string>
		</dict>
		<key>BB928EEE18D647A4004F5BB0</key>
		<dict>
			<key>fileRef</key>
			<string>BB928ED318D647A4004F5BB0</string>
			<key>isa</key>
			<string>PBXBuildFile</string>
		</dict>
		<key>BB928EEF18D647A4004F5BB0</key>
		<dict>
			<key>fileRef</key>
			<string>BB928ED718D647A4004F5BB0</string>
			<key>isa</key>
			<string>PBXBuildFile</string>
		</dict>
		<key>BB928EF018D647A4004F5BB0</key>
		<dict>
			<key>containerPortal</key>
			<string>BB928EC818D647A4004F5BB0</string>
			<key>isa</key>
			<string>PBXContainerItemProxy</string>
			<key>proxyType</key>
			<string>1</string>
			<key>remoteGlobalIDString</key>
			<string>BB928ECF18D647A4004F5BB0</string>
			<key>remoteInfo</key>
			<string>RottenMoviesApp</string>
		</dict>
		<key>BB928EF118D647A4004F5BB0</key>
		<dict>
			<key>isa</key>
			<string>PBXTargetDependency</string>
			<key>target</key>
			<string>BB928ECF18D647A4004F5BB0</string>
			<key>targetProxy</key>
			<string>BB928EF018D647A4004F5BB0</string>
		</dict>
		<key>BB928EF218D647A4004F5BB0</key>
		<dict>
			<key>children</key>
			<array>
				<string>BB928EF818D647A4004F5BB0</string>
				<string>BB928EF318D647A4004F5BB0</string>
			</array>
			<key>isa</key>
			<string>PBXGroup</string>
			<key>path</key>
			<string>RottenMoviesAppTests</string>
			<key>sourceTree</key>
			<string>&lt;group&gt;</string>
		</dict>
		<key>BB928EF318D647A4004F5BB0</key>
		<dict>
			<key>children</key>
			<array>
				<string>BB928EF418D647A4004F5BB0</string>
				<string>BB928EF518D647A4004F5BB0</string>
			</array>
			<key>isa</key>
			<string>PBXGroup</string>
			<key>name</key>
			<string>Supporting Files</string>
			<key>sourceTree</key>
			<string>&lt;group&gt;</string>
		</dict>
		<key>BB928EF418D647A4004F5BB0</key>
		<dict>
			<key>isa</key>
			<string>PBXFileReference</string>
			<key>lastKnownFileType</key>
			<string>text.plist.xml</string>
			<key>path</key>
			<string>RottenMoviesAppTests-Info.plist</string>
			<key>sourceTree</key>
			<string>&lt;group&gt;</string>
		</dict>
		<key>BB928EF518D647A4004F5BB0</key>
		<dict>
			<key>children</key>
			<array>
				<string>BB928EF618D647A4004F5BB0</string>
			</array>
			<key>isa</key>
			<string>PBXVariantGroup</string>
			<key>name</key>
			<string>InfoPlist.strings</string>
			<key>sourceTree</key>
			<string>&lt;group&gt;</string>
		</dict>
		<key>BB928EF618D647A4004F5BB0</key>
		<dict>
			<key>isa</key>
			<string>PBXFileReference</string>
			<key>lastKnownFileType</key>
			<string>text.plist.strings</string>
			<key>name</key>
			<string>en</string>
			<key>path</key>
			<string>en.lproj/InfoPlist.strings</string>
			<key>sourceTree</key>
			<string>&lt;group&gt;</string>
		</dict>
		<key>BB928EF718D647A4004F5BB0</key>
		<dict>
			<key>fileRef</key>
			<string>BB928EF518D647A4004F5BB0</string>
			<key>isa</key>
			<string>PBXBuildFile</string>
		</dict>
		<key>BB928EF818D647A4004F5BB0</key>
		<dict>
			<key>isa</key>
			<string>PBXFileReference</string>
			<key>lastKnownFileType</key>
			<string>sourcecode.c.objc</string>
			<key>path</key>
			<string>RottenMoviesAppTests.m</string>
			<key>sourceTree</key>
			<string>&lt;group&gt;</string>
		</dict>
		<key>BB928EF918D647A4004F5BB0</key>
		<dict>
			<key>fileRef</key>
			<string>BB928EF818D647A4004F5BB0</string>
			<key>isa</key>
			<string>PBXBuildFile</string>
		</dict>
		<key>BB928EFA18D647A4004F5BB0</key>
		<dict>
			<key>buildSettings</key>
			<dict>
				<key>ALWAYS_SEARCH_USER_PATHS</key>
				<string>NO</string>
				<key>CLANG_CXX_LANGUAGE_STANDARD</key>
				<string>gnu++0x</string>
				<key>CLANG_CXX_LIBRARY</key>
				<string>libc++</string>
				<key>CLANG_ENABLE_MODULES</key>
				<string>YES</string>
				<key>CLANG_ENABLE_OBJC_ARC</key>
				<string>YES</string>
				<key>CLANG_WARN_BOOL_CONVERSION</key>
				<string>YES</string>
				<key>CLANG_WARN_CONSTANT_CONVERSION</key>
				<string>YES</string>
				<key>CLANG_WARN_DIRECT_OBJC_ISA_USAGE</key>
				<string>YES_ERROR</string>
				<key>CLANG_WARN_EMPTY_BODY</key>
				<string>YES</string>
				<key>CLANG_WARN_ENUM_CONVERSION</key>
				<string>YES</string>
				<key>CLANG_WARN_INT_CONVERSION</key>
				<string>YES</string>
				<key>CLANG_WARN_OBJC_ROOT_CLASS</key>
				<string>YES_ERROR</string>
				<key>CLANG_WARN__DUPLICATE_METHOD_MATCH</key>
				<string>YES</string>
				<key>CODE_SIGN_IDENTITY[sdk=iphoneos*]</key>
				<string>iPhone Developer</string>
				<key>COPY_PHASE_STRIP</key>
				<string>NO</string>
				<key>GCC_C_LANGUAGE_STANDARD</key>
				<string>gnu99</string>
				<key>GCC_DYNAMIC_NO_PIC</key>
				<string>NO</string>
				<key>GCC_OPTIMIZATION_LEVEL</key>
				<string>0</string>
				<key>GCC_PREPROCESSOR_DEFINITIONS</key>
				<array>
					<string>DEBUG=1</string>
					<string>$(inherited)</string>
				</array>
				<key>GCC_SYMBOLS_PRIVATE_EXTERN</key>
				<string>NO</string>
				<key>GCC_WARN_64_TO_32_BIT_CONVERSION</key>
				<string>YES</string>
				<key>GCC_WARN_ABOUT_RETURN_TYPE</key>
				<string>YES_ERROR</string>
				<key>GCC_WARN_UNDECLARED_SELECTOR</key>
				<string>YES</string>
				<key>GCC_WARN_UNINITIALIZED_AUTOS</key>
				<string>YES</string>
				<key>GCC_WARN_UNUSED_FUNCTION</key>
				<string>YES</string>
				<key>GCC_WARN_UNUSED_VARIABLE</key>
				<string>YES</string>
				<key>IPHONEOS_DEPLOYMENT_TARGET</key>
				<string>7.0</string>
				<key>ONLY_ACTIVE_ARCH</key>
				<string>YES</string>
				<key>SDKROOT</key>
				<string>iphoneos</string>
			</dict>
			<key>isa</key>
			<string>XCBuildConfiguration</string>
			<key>name</key>
			<string>Debug</string>
		</dict>
		<key>BB928EFB18D647A4004F5BB0</key>
		<dict>
			<key>buildSettings</key>
			<dict>
				<key>ALWAYS_SEARCH_USER_PATHS</key>
				<string>NO</string>
				<key>CLANG_CXX_LANGUAGE_STANDARD</key>
				<string>gnu++0x</string>
				<key>CLANG_CXX_LIBRARY</key>
				<string>libc++</string>
				<key>CLANG_ENABLE_MODULES</key>
				<string>YES</string>
				<key>CLANG_ENABLE_OBJC_ARC</key>
				<string>YES</string>
				<key>CLANG_WARN_BOOL_CONVERSION</key>
				<string>YES</string>
				<key>CLANG_WARN_CONSTANT_CONVERSION</key>
				<string>YES</string>
				<key>CLANG_WARN_DIRECT_OBJC_ISA_USAGE</key>
				<string>YES_ERROR</string>
				<key>CLANG_WARN_EMPTY_BODY</key>
				<string>YES</string>
				<key>CLANG_WARN_ENUM_CONVERSION</key>
				<string>YES</string>
				<key>CLANG_WARN_INT_CONVERSION</key>
				<string>YES</string>
				<key>CLANG_WARN_OBJC_ROOT_CLASS</key>
				<string>YES_ERROR</string>
				<key>CLANG_WARN__DUPLICATE_METHOD_MATCH</key>
				<string>YES</string>
				<key>CODE_SIGN_IDENTITY[sdk=iphoneos*]</key>
				<string>iPhone Developer</string>
				<key>COPY_PHASE_STRIP</key>
				<string>YES</string>
				<key>ENABLE_NS_ASSERTIONS</key>
				<string>NO</string>
				<key>GCC_C_LANGUAGE_STANDARD</key>
				<string>gnu99</string>
				<key>GCC_WARN_64_TO_32_BIT_CONVERSION</key>
				<string>YES</string>
				<key>GCC_WARN_ABOUT_RETURN_TYPE</key>
				<string>YES_ERROR</string>
				<key>GCC_WARN_UNDECLARED_SELECTOR</key>
				<string>YES</string>
				<key>GCC_WARN_UNINITIALIZED_AUTOS</key>
				<string>YES</string>
				<key>GCC_WARN_UNUSED_FUNCTION</key>
				<string>YES</string>
				<key>GCC_WARN_UNUSED_VARIABLE</key>
				<string>YES</string>
				<key>IPHONEOS_DEPLOYMENT_TARGET</key>
				<string>7.0</string>
				<key>SDKROOT</key>
				<string>iphoneos</string>
				<key>VALIDATE_PRODUCT</key>
				<string>YES</string>
			</dict>
			<key>isa</key>
			<string>XCBuildConfiguration</string>
			<key>name</key>
			<string>Release</string>
		</dict>
		<key>BB928EFC18D647A4004F5BB0</key>
		<dict>
			<key>buildConfigurations</key>
			<array>
				<string>BB928EFD18D647A4004F5BB0</string>
				<string>BB928EFE18D647A4004F5BB0</string>
			</array>
			<key>defaultConfigurationIsVisible</key>
			<string>0</string>
			<key>defaultConfigurationName</key>
			<string>Release</string>
			<key>isa</key>
			<string>XCConfigurationList</string>
		</dict>
		<key>BB928EFD18D647A4004F5BB0</key>
		<dict>
			<key>baseConfigurationReference</key>
			<string>C5AA127D96154CFB89EF8E94</string>
			<key>buildSettings</key>
			<dict>
				<key>ASSETCATALOG_COMPILER_APPICON_NAME</key>
				<string>AppIcon</string>
				<key>ASSETCATALOG_COMPILER_LAUNCHIMAGE_NAME</key>
				<string>LaunchImage</string>
				<key>CODE_SIGN_IDENTITY</key>
				<string>iPhone Developer</string>
				<key>CODE_SIGN_IDENTITY[sdk=iphoneos*]</key>
				<string>iPhone Developer</string>
				<key>GCC_PRECOMPILE_PREFIX_HEADER</key>
				<string>YES</string>
				<key>GCC_PREFIX_HEADER</key>
				<string>RottenMoviesApp/RottenMoviesApp-Prefix.pch</string>
				<key>INFOPLIST_FILE</key>
				<string>RottenMoviesApp/RottenMoviesApp-Info.plist</string>
				<key>PRODUCT_NAME</key>
				<string>$(TARGET_NAME)</string>
				<key>PROVISIONING_PROFILE</key>
				<string></string>
				<key>WRAPPER_EXTENSION</key>
				<string>app</string>
			</dict>
			<key>isa</key>
			<string>XCBuildConfiguration</string>
			<key>name</key>
			<string>Debug</string>
		</dict>
		<key>BB928EFE18D647A4004F5BB0</key>
		<dict>
			<key>baseConfigurationReference</key>
			<string>C5AA127D96154CFB89EF8E94</string>
			<key>buildSettings</key>
			<dict>
				<key>ASSETCATALOG_COMPILER_APPICON_NAME</key>
				<string>AppIcon</string>
				<key>ASSETCATALOG_COMPILER_LAUNCHIMAGE_NAME</key>
				<string>LaunchImage</string>
				<key>CODE_SIGN_IDENTITY</key>
				<string>iPhone Developer</string>
				<key>CODE_SIGN_IDENTITY[sdk=iphoneos*]</key>
				<string>iPhone Developer</string>
				<key>GCC_PRECOMPILE_PREFIX_HEADER</key>
				<string>YES</string>
				<key>GCC_PREFIX_HEADER</key>
				<string>RottenMoviesApp/RottenMoviesApp-Prefix.pch</string>
				<key>INFOPLIST_FILE</key>
				<string>RottenMoviesApp/RottenMoviesApp-Info.plist</string>
				<key>PRODUCT_NAME</key>
				<string>$(TARGET_NAME)</string>
				<key>PROVISIONING_PROFILE</key>
				<string></string>
				<key>WRAPPER_EXTENSION</key>
				<string>app</string>
			</dict>
			<key>isa</key>
			<string>XCBuildConfiguration</string>
			<key>name</key>
			<string>Release</string>
		</dict>
		<key>BB928EFF18D647A4004F5BB0</key>
		<dict>
			<key>buildConfigurations</key>
			<array>
				<string>BB928F0018D647A4004F5BB0</string>
				<string>BB928F0118D647A4004F5BB0</string>
			</array>
			<key>defaultConfigurationIsVisible</key>
			<string>0</string>
			<key>defaultConfigurationName</key>
			<string>Release</string>
			<key>isa</key>
			<string>XCConfigurationList</string>
		</dict>
		<key>BB928F0018D647A4004F5BB0</key>
		<dict>
			<key>buildSettings</key>
			<dict>
				<key>BUNDLE_LOADER</key>
				<string>$(BUILT_PRODUCTS_DIR)/RottenMoviesApp.app/RottenMoviesApp</string>
				<key>FRAMEWORK_SEARCH_PATHS</key>
				<array>
					<string>$(SDKROOT)/Developer/Library/Frameworks</string>
					<string>$(inherited)</string>
					<string>$(DEVELOPER_FRAMEWORKS_DIR)</string>
				</array>
				<key>GCC_PRECOMPILE_PREFIX_HEADER</key>
				<string>YES</string>
				<key>GCC_PREFIX_HEADER</key>
				<string>RottenMoviesApp/RottenMoviesApp-Prefix.pch</string>
				<key>GCC_PREPROCESSOR_DEFINITIONS</key>
				<array>
					<string>DEBUG=1</string>
					<string>$(inherited)</string>
				</array>
				<key>INFOPLIST_FILE</key>
				<string>RottenMoviesAppTests/RottenMoviesAppTests-Info.plist</string>
				<key>PRODUCT_NAME</key>
				<string>$(TARGET_NAME)</string>
				<key>TEST_HOST</key>
				<string>$(BUNDLE_LOADER)</string>
				<key>WRAPPER_EXTENSION</key>
				<string>xctest</string>
			</dict>
			<key>isa</key>
			<string>XCBuildConfiguration</string>
			<key>name</key>
			<string>Debug</string>
		</dict>
		<key>BB928F0118D647A4004F5BB0</key>
		<dict>
			<key>buildSettings</key>
			<dict>
				<key>BUNDLE_LOADER</key>
				<string>$(BUILT_PRODUCTS_DIR)/RottenMoviesApp.app/RottenMoviesApp</string>
				<key>FRAMEWORK_SEARCH_PATHS</key>
				<array>
					<string>$(SDKROOT)/Developer/Library/Frameworks</string>
					<string>$(inherited)</string>
					<string>$(DEVELOPER_FRAMEWORKS_DIR)</string>
				</array>
				<key>GCC_PRECOMPILE_PREFIX_HEADER</key>
				<string>YES</string>
				<key>GCC_PREFIX_HEADER</key>
				<string>RottenMoviesApp/RottenMoviesApp-Prefix.pch</string>
				<key>INFOPLIST_FILE</key>
				<string>RottenMoviesAppTests/RottenMoviesAppTests-Info.plist</string>
				<key>PRODUCT_NAME</key>
				<string>$(TARGET_NAME)</string>
				<key>TEST_HOST</key>
				<string>$(BUNDLE_LOADER)</string>
				<key>WRAPPER_EXTENSION</key>
				<string>xctest</string>
			</dict>
			<key>isa</key>
			<string>XCBuildConfiguration</string>
			<key>name</key>
			<string>Release</string>
		</dict>
		<key>BB928F0218D648FA004F5BB0</key>
		<dict>
			<key>fileEncoding</key>
			<string>4</string>
			<key>isa</key>
			<string>PBXFileReference</string>
			<key>lastKnownFileType</key>
			<string>sourcecode.c.h</string>
			<key>path</key>
			<string>MoviesViewController.h</string>
			<key>sourceTree</key>
			<string>&lt;group&gt;</string>
		</dict>
		<key>BB928F0318D648FA004F5BB0</key>
		<dict>
			<key>fileEncoding</key>
			<string>4</string>
			<key>isa</key>
			<string>PBXFileReference</string>
			<key>lastKnownFileType</key>
			<string>sourcecode.c.objc</string>
			<key>path</key>
			<string>MoviesViewController.m</string>
			<key>sourceTree</key>
			<string>&lt;group&gt;</string>
		</dict>
		<key>BB928F0418D648FA004F5BB0</key>
		<dict>
			<key>fileEncoding</key>
			<string>4</string>
			<key>isa</key>
			<string>PBXFileReference</string>
			<key>lastKnownFileType</key>
			<string>file.xib</string>
			<key>path</key>
			<string>MoviesViewController.xib</string>
			<key>sourceTree</key>
			<string>&lt;group&gt;</string>
		</dict>
		<key>BB928F0518D648FA004F5BB0</key>
		<dict>
			<key>fileRef</key>
			<string>BB928F0318D648FA004F5BB0</string>
			<key>isa</key>
			<string>PBXBuildFile</string>
		</dict>
		<key>BB928F0618D648FA004F5BB0</key>
		<dict>
			<key>fileRef</key>
			<string>BB928F0418D648FA004F5BB0</string>
			<key>isa</key>
			<string>PBXBuildFile</string>
		</dict>
		<key>BB928F0718D64900004F5BB0</key>
		<dict>
			<key>children</key>
			<array>
				<string>BB928F0218D648FA004F5BB0</string>
				<string>BB928F0318D648FA004F5BB0</string>
				<string>BB928F0418D648FA004F5BB0</string>
				<string>BB4E9FEA18D66374007E6EFF</string>
				<string>BB4E9FEB18D66374007E6EFF</string>
				<string>BB4E9FEC18D66374007E6EFF</string>
			</array>
			<key>isa</key>
			<string>PBXGroup</string>
			<key>name</key>
			<string>View Controllers</string>
			<key>sourceTree</key>
			<string>&lt;group&gt;</string>
		</dict>
		<key>BB928F0818D65143004F5BB0</key>
		<dict>
			<key>children</key>
			<array>
				<string>BB4E9FE118D653F9007E6EFF</string>
				<string>BB4E9FE418D655D0007E6EFF</string>
				<string>BB4E9FE518D655D0007E6EFF</string>
			</array>
			<key>isa</key>
			<string>PBXGroup</string>
			<key>name</key>
			<string>Views</string>
			<key>sourceTree</key>
			<string>&lt;group&gt;</string>
		</dict>
		<key>BB928F0918D6514A004F5BB0</key>
		<dict>
			<key>children</key>
			<array>
				<string>BB4E9FE718D65840007E6EFF</string>
				<string>BB4E9FE818D65840007E6EFF</string>
			</array>
			<key>isa</key>
			<string>PBXGroup</string>
			<key>name</key>
			<string>Models</string>
			<key>sourceTree</key>
			<string>&lt;group&gt;</string>
		</dict>
		<key>C5AA127D96154CFB89EF8E94</key>
		<dict>
			<key>includeInIndex</key>
			<string>1</string>
			<key>isa</key>
			<string>PBXFileReference</string>
			<key>lastKnownFileType</key>
			<string>text.xcconfig</string>
			<key>name</key>
			<string>Pods.xcconfig</string>
			<key>path</key>
			<string>Pods/Pods.xcconfig</string>
			<key>sourceTree</key>
			<string>&lt;group&gt;</string>
		</dict>
	</dict>
	<key>rootObject</key>
	<string>BB928EC818D647A4004F5BB0</string>
</dict>
</plist>
